
Microsoft Visual Studio Solution File, Format Version 12.00
# Visual Studio 15
VisualStudioVersion = 15.0.27130.2010
MinimumVisualStudioVersion = 10.0.40219.1
Project("{2150E333-8FDC-42A3-9474-1A3956D46DE8}") = "Core", "Core", "{3E7B8F0B-BC2C-4DE6-8F78-D61544BD6B4F}"
EndProject
Project("{2150E333-8FDC-42A3-9474-1A3956D46DE8}") = "App", "App", "{C39694A6-4C09-4320-B860-52C3D330E0ED}"
EndProject
Project("{9A19103F-16F7-4668-BE54-9A1E7A4F7556}") = "Budgie.Core", "Core\Budgie.Core\Budgie.Core.csproj", "{99003B78-FA1F-4524-925D-1FC153481497}"
EndProject
Project("{9A19103F-16F7-4668-BE54-9A1E7A4F7556}") = "Budgie.Data", "Core\Budgie.Data\Budgie.Data.csproj", "{879E37A5-B94D-4822-A2F2-53CD4B57096D}"
EndProject
Project("{9A19103F-16F7-4668-BE54-9A1E7A4F7556}") = "Budgie.Framework", "Core\Budgie.Framework\Budgie.Framework.csproj", "{0F4106BC-064C-40E5-833E-6184B4F56A94}"
EndProject
Project("{2150E333-8FDC-42A3-9474-1A3956D46DE8}") = "Api", "Api", "{636E196B-7C72-4BA7-B66B-8FD2DCC0CCF8}"
EndProject
Project("{9A19103F-16F7-4668-BE54-9A1E7A4F7556}") = "Budgie.Api", "Api\Budgie.Api\Budgie.Api.csproj", "{04221BF0-812C-47C9-BCE2-E3CB94212450}"
EndProject
Project("{9A19103F-16F7-4668-BE54-9A1E7A4F7556}") = "Budgie.Test.JavaScript.App", "App\Budgie.Test.JavaScript.App\Budgie.Test.JavaScript.App.csproj", "{4109B189-ACF8-44B7-A3D8-8694E761F974}"
EndProject
Project("{9A19103F-16F7-4668-BE54-9A1E7A4F7556}") = "Budgie.Identity", "App\Budgie.Identity\Budgie.Identity.csproj", "{F9ADDCBB-543B-4225-8B0A-C6F5376EDF33}"
EndProject
Project("{9A19103F-16F7-4668-BE54-9A1E7A4F7556}") = "Budgie.App", "App\Budgie.App\Budgie.App.csproj", "{038A595E-1EBA-4F2E-94AE-8B6E8BC8B3CC}"
EndProject
Global
	GlobalSection(SolutionConfigurationPlatforms) = preSolution
		Debug|Any CPU = Debug|Any CPU
		Release|Any CPU = Release|Any CPU
	EndGlobalSection
	GlobalSection(ProjectConfigurationPlatforms) = postSolution
		{99003B78-FA1F-4524-925D-1FC153481497}.Debug|Any CPU.ActiveCfg = Debug|Any CPU
		{99003B78-FA1F-4524-925D-1FC153481497}.Debug|Any CPU.Build.0 = Debug|Any CPU
		{99003B78-FA1F-4524-925D-1FC153481497}.Release|Any CPU.ActiveCfg = Release|Any CPU
		{99003B78-FA1F-4524-925D-1FC153481497}.Release|Any CPU.Build.0 = Release|Any CPU
		{879E37A5-B94D-4822-A2F2-53CD4B57096D}.Debug|Any CPU.ActiveCfg = Debug|Any CPU
		{879E37A5-B94D-4822-A2F2-53CD4B57096D}.Debug|Any CPU.Build.0 = Debug|Any CPU
		{879E37A5-B94D-4822-A2F2-53CD4B57096D}.Release|Any CPU.ActiveCfg = Release|Any CPU
		{879E37A5-B94D-4822-A2F2-53CD4B57096D}.Release|Any CPU.Build.0 = Release|Any CPU
		{0F4106BC-064C-40E5-833E-6184B4F56A94}.Debug|Any CPU.ActiveCfg = Debug|Any CPU
		{0F4106BC-064C-40E5-833E-6184B4F56A94}.Debug|Any CPU.Build.0 = Debug|Any CPU
		{0F4106BC-064C-40E5-833E-6184B4F56A94}.Release|Any CPU.ActiveCfg = Release|Any CPU
		{0F4106BC-064C-40E5-833E-6184B4F56A94}.Release|Any CPU.Build.0 = Release|Any CPU
		{04221BF0-812C-47C9-BCE2-E3CB94212450}.Debug|Any CPU.ActiveCfg = Debug|Any CPU
		{04221BF0-812C-47C9-BCE2-E3CB94212450}.Debug|Any CPU.Build.0 = Debug|Any CPU
		{04221BF0-812C-47C9-BCE2-E3CB94212450}.Release|Any CPU.ActiveCfg = Release|Any CPU
		{04221BF0-812C-47C9-BCE2-E3CB94212450}.Release|Any CPU.Build.0 = Release|Any CPU
		{4109B189-ACF8-44B7-A3D8-8694E761F974}.Debug|Any CPU.ActiveCfg = Debug|Any CPU
		{4109B189-ACF8-44B7-A3D8-8694E761F974}.Debug|Any CPU.Build.0 = Debug|Any CPU
		{4109B189-ACF8-44B7-A3D8-8694E761F974}.Release|Any CPU.ActiveCfg = Release|Any CPU
		{4109B189-ACF8-44B7-A3D8-8694E761F974}.Release|Any CPU.Build.0 = Release|Any CPU
		{F9ADDCBB-543B-4225-8B0A-C6F5376EDF33}.Debug|Any CPU.ActiveCfg = Debug|Any CPU
		{F9ADDCBB-543B-4225-8B0A-C6F5376EDF33}.Debug|Any CPU.Build.0 = Debug|Any CPU
		{F9ADDCBB-543B-4225-8B0A-C6F5376EDF33}.Release|Any CPU.ActiveCfg = Release|Any CPU
		{F9ADDCBB-543B-4225-8B0A-C6F5376EDF33}.Release|Any CPU.Build.0 = Release|Any CPU
		{038A595E-1EBA-4F2E-94AE-8B6E8BC8B3CC}.Debug|Any CPU.ActiveCfg = Debug|Any CPU
		{038A595E-1EBA-4F2E-94AE-8B6E8BC8B3CC}.Debug|Any CPU.Build.0 = Debug|Any CPU
		{038A595E-1EBA-4F2E-94AE-8B6E8BC8B3CC}.Release|Any CPU.ActiveCfg = Release|Any CPU
		{038A595E-1EBA-4F2E-94AE-8B6E8BC8B3CC}.Release|Any CPU.Build.0 = Release|Any CPU
	EndGlobalSection
	GlobalSection(SolutionProperties) = preSolution
		HideSolutionNode = FALSE
	EndGlobalSection
	GlobalSection(NestedProjects) = preSolution
		{99003B78-FA1F-4524-925D-1FC153481497} = {3E7B8F0B-BC2C-4DE6-8F78-D61544BD6B4F}
		{879E37A5-B94D-4822-A2F2-53CD4B57096D} = {3E7B8F0B-BC2C-4DE6-8F78-D61544BD6B4F}
		{0F4106BC-064C-40E5-833E-6184B4F56A94} = {3E7B8F0B-BC2C-4DE6-8F78-D61544BD6B4F}
		{04221BF0-812C-47C9-BCE2-E3CB94212450} = {636E196B-7C72-4BA7-B66B-8FD2DCC0CCF8}
		{4109B189-ACF8-44B7-A3D8-8694E761F974} = {C39694A6-4C09-4320-B860-52C3D330E0ED}
		{F9ADDCBB-543B-4225-8B0A-C6F5376EDF33} = {C39694A6-4C09-4320-B860-52C3D330E0ED}
		{038A595E-1EBA-4F2E-94AE-8B6E8BC8B3CC} = {C39694A6-4C09-4320-B860-52C3D330E0ED}
	EndGlobalSection
	GlobalSection(ExtensibilityGlobals) = postSolution
		SolutionGuid = {7E9B2056-791E-4AD5-88DB-FD386DD308ED}
	EndGlobalSection
EndGlobal
