
Microsoft Visual Studio Solution File, Format Version 12.00
# Visual Studio 15
VisualStudioVersion = 15.0.27004.2005
MinimumVisualStudioVersion = 10.0.40219.1
Project("{2150E333-8FDC-42A3-9474-1A3956D46DE8}") = "Core", "Core", "{3E7B8F0B-BC2C-4DE6-8F78-D61544BD6B4F}"
EndProject
Project("{2150E333-8FDC-42A3-9474-1A3956D46DE8}") = "App", "App", "{C39694A6-4C09-4320-B860-52C3D330E0ED}"
EndProject
Project("{9A19103F-16F7-4668-BE54-9A1E7A4F7556}") = "Data", "Core\Data\Data.csproj", "{73975C9F-033E-412B-BBF6-62700FB58879}"
EndProject
Project("{9A19103F-16F7-4668-BE54-9A1E7A4F7556}") = "Domain", "Core\Domain\Domain.csproj", "{62B32853-92F4-4616-B533-66CE873FA0AE}"
EndProject
Project("{9A19103F-16F7-4668-BE54-9A1E7A4F7556}") = "Framework", "Core\Framework\Framework.csproj", "{5413379F-DB63-42EF-9E6F-B1F5AFB192AD}"
EndProject
Project("{FAE04EC0-301F-11D3-BF4B-00C04F79EFBC}") = "Budgie.App", "App\Budgie.App\Budgie.App.csproj", "{31020208-DC4B-43E4-8123-C99733218EC8}"
EndProject
Global
	GlobalSection(SolutionConfigurationPlatforms) = preSolution
		Debug|Any CPU = Debug|Any CPU
		Release|Any CPU = Release|Any CPU
	EndGlobalSection
	GlobalSection(ProjectConfigurationPlatforms) = postSolution
		{73975C9F-033E-412B-BBF6-62700FB58879}.Debug|Any CPU.ActiveCfg = Debug|Any CPU
		{73975C9F-033E-412B-BBF6-62700FB58879}.Debug|Any CPU.Build.0 = Debug|Any CPU
		{73975C9F-033E-412B-BBF6-62700FB58879}.Release|Any CPU.ActiveCfg = Release|Any CPU
		{73975C9F-033E-412B-BBF6-62700FB58879}.Release|Any CPU.Build.0 = Release|Any CPU
		{62B32853-92F4-4616-B533-66CE873FA0AE}.Debug|Any CPU.ActiveCfg = Debug|Any CPU
		{62B32853-92F4-4616-B533-66CE873FA0AE}.Debug|Any CPU.Build.0 = Debug|Any CPU
		{62B32853-92F4-4616-B533-66CE873FA0AE}.Release|Any CPU.ActiveCfg = Release|Any CPU
		{62B32853-92F4-4616-B533-66CE873FA0AE}.Release|Any CPU.Build.0 = Release|Any CPU
		{5413379F-DB63-42EF-9E6F-B1F5AFB192AD}.Debug|Any CPU.ActiveCfg = Debug|Any CPU
		{5413379F-DB63-42EF-9E6F-B1F5AFB192AD}.Debug|Any CPU.Build.0 = Debug|Any CPU
		{5413379F-DB63-42EF-9E6F-B1F5AFB192AD}.Release|Any CPU.ActiveCfg = Release|Any CPU
		{5413379F-DB63-42EF-9E6F-B1F5AFB192AD}.Release|Any CPU.Build.0 = Release|Any CPU
		{31020208-DC4B-43E4-8123-C99733218EC8}.Debug|Any CPU.ActiveCfg = Debug|Any CPU
		{31020208-DC4B-43E4-8123-C99733218EC8}.Debug|Any CPU.Build.0 = Debug|Any CPU
		{31020208-DC4B-43E4-8123-C99733218EC8}.Release|Any CPU.ActiveCfg = Release|Any CPU
		{31020208-DC4B-43E4-8123-C99733218EC8}.Release|Any CPU.Build.0 = Release|Any CPU
	EndGlobalSection
	GlobalSection(SolutionProperties) = preSolution
		HideSolutionNode = FALSE
	EndGlobalSection
	GlobalSection(NestedProjects) = preSolution
		{73975C9F-033E-412B-BBF6-62700FB58879} = {3E7B8F0B-BC2C-4DE6-8F78-D61544BD6B4F}
		{62B32853-92F4-4616-B533-66CE873FA0AE} = {3E7B8F0B-BC2C-4DE6-8F78-D61544BD6B4F}
		{5413379F-DB63-42EF-9E6F-B1F5AFB192AD} = {3E7B8F0B-BC2C-4DE6-8F78-D61544BD6B4F}
		{31020208-DC4B-43E4-8123-C99733218EC8} = {C39694A6-4C09-4320-B860-52C3D330E0ED}
	EndGlobalSection
	GlobalSection(ExtensibilityGlobals) = postSolution
		SolutionGuid = {7E9B2056-791E-4AD5-88DB-FD386DD308ED}
	EndGlobalSection
EndGlobal
